# This file is autogenerated, do not edit; changes may be undone by the next 'dep ensure'.


[[projects]]
  digest = "1:4d6f036ea3fe636bcb2e89850bcdc62a771354e157cd51b8b22a2de8562bf663"
  name = "cloud.google.com/go"
  packages = ["compute/metadata"]
  pruneopts = "UT"
  revision = "458e1f376a2b44413160b5d301183b65debaa3f6"
  version = "v0.37.2"

[[projects]]
  branch = "master"
  digest = "1:ddb81b3f870ddc76c6dbc2e5ec86d8ccb33577d9f3d701fe1dfbe59dfb2fec61"
  name = "git.asafniv.me/blzit420/telebot.v2"
  packages = ["."]
  pruneopts = "UT"
  revision = "29bd3707020c2b3a297d11d7f58c158e81d1cb79"

[[projects]]
  digest = "1:c47f4964978e211c6e566596ec6246c329912ea92e9bb99c00798bb4564c5b09"
  name = "github.com/armon/go-radix"
  packages = ["."]
  pruneopts = "UT"
  revision = "1a2de0c21c94309923825da3df33a4381872c795"
  version = "v1.0.0"

[[projects]]
  digest = "1:fed1f537c2f1269fe475a8556c393fe466641682d73ef8fd0491cd3aa1e47bad"
  name = "github.com/certifi/gocertifi"
  packages = ["."]
  pruneopts = "UT"
  revision = "deb3ae2ef2610fde3330947281941c562861188b"
  version = "2018.01.18"

[[projects]]
  digest = "1:d18f6f088d7d8365df47f49dfa24b6ff6701a941118ffda30c589d1bd954074b"
  name = "github.com/getsentry/raven-go"
  packages = ["."]
  pruneopts = "UT"
  revision = "f04e7487e9a6b9d9837d52743fb5f40576c56411"
  version = "v0.2.0"

[[projects]]
  digest = "1:239c4c7fd2159585454003d9be7207167970194216193a8a210b8d29576f19c9"
  name = "github.com/golang/protobuf"
  packages = [
    "proto",
    "ptypes",
    "ptypes/any",
    "ptypes/duration",
    "ptypes/timestamp",
  ]
  pruneopts = "UT"
  revision = "b5d812f8a3706043e23a9cd5babf2e5423744d30"
  version = "v1.3.1"

[[projects]]
  digest = "1:67474f760e9ac3799f740db2c489e6423a4cde45520673ec123ac831ad849cb8"
  name = "github.com/hashicorp/golang-lru"
  packages = ["simplelru"]
  pruneopts = "UT"
  revision = "7087cb70de9f7a8bc0a10c375cb0d2280a8edf9c"
  version = "v0.5.1"

[[projects]]
  digest = "1:61332bb44d05257bbf0356d8400a8b30fe0b9fdc3b72b8b55661da8f0a4f39ae"
  name = "github.com/mitchellh/hashstructure"
  packages = ["."]
  pruneopts = "UT"
  revision = "a38c50148365edc8df43c1580c48fb2b3a1e9cd7"
  version = "v1.0.0"

[[projects]]
  digest = "1:cf31692c14422fa27c83a05292eb5cbe0fb2775972e8f1f8446a71549bd8980b"
  name = "github.com/pkg/errors"
  packages = ["."]
  pruneopts = "UT"
  revision = "ba968bfe8b2f7e042a574c888954fccecfa385b4"
  version = "v0.8.1"

[[projects]]
  digest = "1:9125b631bfde5e4ea592f98760562e89691a5c1d1625acfbfc9f85d37b0cc4d8"
  name = "go.opencensus.io"
  packages = [
    ".",
    "exemplar",
    "internal",
    "internal/tagencoding",
    "plugin/ochttp",
    "plugin/ochttp/propagation/b3",
    "stats",
    "stats/internal",
    "stats/view",
    "tag",
    "trace",
    "trace/internal",
    "trace/propagation",
    "trace/tracestate",
  ]
  pruneopts = "UT"
  revision = "3b8e2721f2c3c01fa1bf4a2e455874e7b8319cd7"
  version = "v0.19.2"

[[projects]]
  branch = "master"
  digest = "1:e87f576319e558a57920a69ccdeb7d597f18d5541633c529224c35aa2185e5f4"
  name = "golang.org/x/net"
  packages = [
    "context",
    "context/ctxhttp",
    "http/httpguts",
    "http2",
    "http2/hpack",
    "idna",
    "internal/timeseries",
    "trace",
  ]
  pruneopts = "UT"
  revision = "710a502c58a2a4b2d7417a4e24ccb96d8dc13fa3"

[[projects]]
  branch = "master"
  digest = "1:399cbecda4e8ab20451d68a1db3812c99791ed95c53c6e9d64f3594a7e608f51"
  name = "golang.org/x/oauth2"
  packages = [
    ".",
    "google",
    "internal",
    "jws",
    "jwt",
  ]
  pruneopts = "UT"
  revision = "c85d3e98c914e3a33234ad863dcbff5dbc425bb8"

[[projects]]
  branch = "master"
  digest = "1:5637b3b43405643229e55140bb3049dfa7d73957ba9ecfccc31cdadbfbe0b1f9"
  name = "golang.org/x/sys"
  packages = ["unix"]
  pruneopts = "UT"
  revision = "f49334f85ddcf0f08d7fb6dd7363e9e6d6b777eb"

[[projects]]
  digest = "1:a2ab62866c75542dd18d2b069fec854577a20211d7c0ea6ae746072a1dccdd18"
  name = "golang.org/x/text"
  packages = [
    "collate",
    "collate/build",
    "internal/colltab",
    "internal/gen",
    "internal/tag",
    "internal/triegen",
    "internal/ucd",
    "language",
    "secure/bidirule",
    "transform",
    "unicode/bidi",
    "unicode/cldr",
    "unicode/norm",
    "unicode/rangetable",
  ]
  pruneopts = "UT"
  revision = "f21a4dfb5e38f5895301dc265a8def02365cc3d0"
  version = "v0.3.0"

[[projects]]
  digest = "1:97a1c15b9fb21288c42016b91fac300e6705ea58ab2e02ca9b62946f95398afd"
  name = "google.golang.org/api"
  packages = [
    "gensupport",
    "googleapi",
    "googleapi/internal/uritemplates",
    "googleapi/transport",
    "internal",
    "option",
    "transport/http",
    "transport/http/internal/propagation",
    "youtube/v3",
  ]
  pruneopts = "UT"
  revision = "bce707a4d0ea3488942724b3bcc1c8338f38f991"
  version = "v0.3.0"

[[projects]]
  digest = "1:04f2ff15fc59e1ddaf9900ad0e19e5b19586b31f9dafd4d592b617642b239d8f"
  name = "google.golang.org/appengine"
  packages = [
    ".",
    "internal",
    "internal/app_identity",
    "internal/base",
    "internal/datastore",
    "internal/log",
    "internal/modules",
    "internal/remote_api",
    "internal/urlfetch",
    "urlfetch",
  ]
  pruneopts = "UT"
  revision = "54a98f90d1c46b7731eb8fb305d2a321c30ef610"
  version = "v1.5.0"

[[projects]]
  branch = "master"
  digest = "1:c3076e7defee87de1236f1814beb588f40a75544c60121e6eb38b3b3721783e2"
  name = "google.golang.org/genproto"
  packages = ["googleapis/rpc/status"]
  pruneopts = "UT"
  revision = "e79c0c59cdb5e117ef82a6f885294df3d74065d5"

[[projects]]
  digest = "1:c00eb80d7b152379c3e94c38d82b29deca98b1d0f53e4e20362589b7fcbffa07"
  name = "google.golang.org/grpc"
  packages = [
    ".",
    "balancer",
    "balancer/base",
    "balancer/roundrobin",
    "binarylog/grpc_binarylog_v1",
    "codes",
    "connectivity",
    "credentials",
    "credentials/internal",
    "encoding",
    "encoding/proto",
    "grpclog",
    "internal",
    "internal/backoff",
    "internal/binarylog",
    "internal/channelz",
    "internal/envconfig",
    "internal/grpcrand",
    "internal/grpcsync",
    "internal/syscall",
    "internal/transport",
    "keepalive",
    "metadata",
    "naming",
    "peer",
    "resolver",
    "resolver/dns",
    "resolver/passthrough",
    "stats",
    "status",
    "tap",
  ]
  pruneopts = "UT"
  revision = "3507fb8e1a5ad030303c106fef3a47c9fdad16ad"
  version = "v1.19.1"

[[projects]]
  branch = "v2"
  digest = "1:c54c64c28f84fd90c4e4cf9fbf6f4723a87f623fff2932d3571156c9612b8061"
  name = "gopkg.in/tucnak/telebot.v2"
  packages = ["."]
  pruneopts = "UT"
  revision = "85ee746b3c15264a962114961a0f0e27e046bc54"

[solve-meta]
  analyzer-name = "dep"
  analyzer-version = 1
  input-imports = [
    "git.asafniv.me/blzit420/telebot.v2",
    "github.com/getsentry/raven-go",
    "google.golang.org/api/googleapi/transport",
    "google.golang.org/api/youtube/v3",
    "gopkg.in/tucnak/telebot.v2",
  ]
  solver-name = "gps-cdcl"
  solver-version = 1
